{
  "pins" : [
    {
      "identity" : "analytics-ios",
      "kind" : "remoteSourceControl",
      "location" : "https://github.com/segmentio/analytics-ios.git",
      "state" : {
        "revision" : "187faa897c826fe0954124da116db3318242f7c3",
        "version" : "4.1.4"
      }
    },
    {
      "identity" : "appsflyerframework-strict",
      "kind" : "remoteSourceControl",
      "location" : "https://github.com/AppsFlyerSDK/AppsFlyerFramework-Strict.git",
      "state" : {
        "revision" : "edf875c451da0997cad9453cf448aa9d22cac35d",
        "version" : "6.6.0"
      }
    }
  ],
  "version" : 2
}
